
Microsoft Visual Studio Solution File, Format Version 12.00
# Visual Studio Version 16
VisualStudioVersion = 16.0.31515.178
MinimumVisualStudioVersion = 10.0.40219.1
Project("{FAE04EC0-301F-11D3-BF4B-00C04F79EFBC}") = "SeriesFilmes", "SeriesFilmes\SeriesFilmes.csproj", "{EE4DC1C1-5CE1-49EE-B806-1822ACB5D346}"
EndProject
Global
	GlobalSection(SolutionConfigurationPlatforms) = preSolution
		Debug|Any CPU = Debug|Any CPU
		Release|Any CPU = Release|Any CPU
	EndGlobalSection
	GlobalSection(ProjectConfigurationPlatforms) = postSolution
		{EE4DC1C1-5CE1-49EE-B806-1822ACB5D346}.Debug|Any CPU.ActiveCfg = Debug|Any CPU
		{EE4DC1C1-5CE1-49EE-B806-1822ACB5D346}.Debug|Any CPU.Build.0 = Debug|Any CPU
		{EE4DC1C1-5CE1-49EE-B806-1822ACB5D346}.Release|Any CPU.ActiveCfg = Release|Any CPU
		{EE4DC1C1-5CE1-49EE-B806-1822ACB5D346}.Release|Any CPU.Build.0 = Release|Any CPU
	EndGlobalSection
	GlobalSection(SolutionProperties) = preSolution
		HideSolutionNode = FALSE
	EndGlobalSection
	GlobalSection(ExtensibilityGlobals) = postSolution
		SolutionGuid = {6B9A897F-97E8-4B9F-A8BB-D470DAB8E77B}
	EndGlobalSection
EndGlobal
